
Microsoft Visual Studio Solution File, Format Version 12.00
# Visual Studio Version 17
VisualStudioVersion = 17.10.35027.167
MinimumVisualStudioVersion = 10.0.40219.1
Project("{FAE04EC0-301F-11D3-BF4B-00C04F79EFBC}") = "switch", "switch.csproj", "{AA2F80C8-C1CB-4697-9718-255BE78A574A}"
EndProject
Global
	GlobalSection(SolutionConfigurationPlatforms) = preSolution
		Debug|Any CPU = Debug|Any CPU
		Release|Any CPU = Release|Any CPU
	EndGlobalSection
	GlobalSection(ProjectConfigurationPlatforms) = postSolution
		{AA2F80C8-C1CB-4697-9718-255BE78A574A}.Debug|Any CPU.ActiveCfg = Debug|Any CPU
		{AA2F80C8-C1CB-4697-9718-255BE78A574A}.Debug|Any CPU.Build.0 = Debug|Any CPU
		{AA2F80C8-C1CB-4697-9718-255BE78A574A}.Release|Any CPU.ActiveCfg = Release|Any CPU
		{AA2F80C8-C1CB-4697-9718-255BE78A574A}.Release|Any CPU.Build.0 = Release|Any CPU
	EndGlobalSection
	GlobalSection(SolutionProperties) = preSolution
		HideSolutionNode = FALSE
	EndGlobalSection
	GlobalSection(ExtensibilityGlobals) = postSolution
		SolutionGuid = {F003DBF0-D860-46F2-B211-6D1C2EC4B101}
	EndGlobalSection
EndGlobal
