
Microsoft Visual Studio Solution File, Format Version 12.00
# Visual Studio Version 17
VisualStudioVersion = 17.10.35027.167
MinimumVisualStudioVersion = 10.0.40219.1
Project("{FAE04EC0-301F-11D3-BF4B-00C04F79EFBC}") = "var", "var.csproj", "{3699411C-FEB7-472F-8E11-413E38727D6B}"
EndProject
Project("{FAE04EC0-301F-11D3-BF4B-00C04F79EFBC}") = "dataType", "..\dataType\dataType.csproj", "{08B13225-4C8F-40E6-B4AC-A8EAD94273C2}"
EndProject
Project("{FAE04EC0-301F-11D3-BF4B-00C04F79EFBC}") = "operator", "..\operator\operator.csproj", "{D68B0528-CA43-4E22-82CF-A33B5093B6A9}"
EndProject
Global
	GlobalSection(SolutionConfigurationPlatforms) = preSolution
		Debug|Any CPU = Debug|Any CPU
		Release|Any CPU = Release|Any CPU
	EndGlobalSection
	GlobalSection(ProjectConfigurationPlatforms) = postSolution
		{3699411C-FEB7-472F-8E11-413E38727D6B}.Debug|Any CPU.ActiveCfg = Debug|Any CPU
		{3699411C-FEB7-472F-8E11-413E38727D6B}.Debug|Any CPU.Build.0 = Debug|Any CPU
		{3699411C-FEB7-472F-8E11-413E38727D6B}.Release|Any CPU.ActiveCfg = Release|Any CPU
		{3699411C-FEB7-472F-8E11-413E38727D6B}.Release|Any CPU.Build.0 = Release|Any CPU
		{08B13225-4C8F-40E6-B4AC-A8EAD94273C2}.Debug|Any CPU.ActiveCfg = Debug|Any CPU
		{08B13225-4C8F-40E6-B4AC-A8EAD94273C2}.Debug|Any CPU.Build.0 = Debug|Any CPU
		{08B13225-4C8F-40E6-B4AC-A8EAD94273C2}.Release|Any CPU.ActiveCfg = Release|Any CPU
		{08B13225-4C8F-40E6-B4AC-A8EAD94273C2}.Release|Any CPU.Build.0 = Release|Any CPU
		{D68B0528-CA43-4E22-82CF-A33B5093B6A9}.Debug|Any CPU.ActiveCfg = Debug|Any CPU
		{D68B0528-CA43-4E22-82CF-A33B5093B6A9}.Debug|Any CPU.Build.0 = Debug|Any CPU
		{D68B0528-CA43-4E22-82CF-A33B5093B6A9}.Release|Any CPU.ActiveCfg = Release|Any CPU
		{D68B0528-CA43-4E22-82CF-A33B5093B6A9}.Release|Any CPU.Build.0 = Release|Any CPU
	EndGlobalSection
	GlobalSection(SolutionProperties) = preSolution
		HideSolutionNode = FALSE
	EndGlobalSection
	GlobalSection(ExtensibilityGlobals) = postSolution
		SolutionGuid = {58C8F67A-5894-41ED-9E3C-DBFE66D240C2}
	EndGlobalSection
EndGlobal
